
Microsoft Visual Studio Solution File, Format Version 12.00
# Visual Studio Version 17
VisualStudioVersion = 17.6.33815.320
MinimumVisualStudioVersion = 10.0.40219.1
Project("{FAE04EC0-301F-11D3-BF4B-00C04F79EFBC}") = "SystemFontXF.iOS", "SystemFontXF.iOS\SystemFontXF.iOS.csproj", "{FBC76EB8-D41F-4180-915F-D31F10024764}"
EndProject
Project("{FAE04EC0-301F-11D3-BF4B-00C04F79EFBC}") = "SystemFontXF", "SystemFontXF\SystemFontXF.csproj", "{185C15F1-2A71-482D-956C-556F989137A5}"
EndProject
Global
	GlobalSection(SolutionConfigurationPlatforms) = preSolution
		Debug|Any CPU = Debug|Any CPU
		Debug|iPhone = Debug|iPhone
		Debug|iPhoneSimulator = Debug|iPhoneSimulator
		Release|Any CPU = Release|Any CPU
		Release|iPhone = Release|iPhone
		Release|iPhoneSimulator = Release|iPhoneSimulator
	EndGlobalSection
	GlobalSection(ProjectConfigurationPlatforms) = postSolution
		{FBC76EB8-D41F-4180-915F-D31F10024764}.Debug|Any CPU.ActiveCfg = Debug|iPhoneSimulator
		{FBC76EB8-D41F-4180-915F-D31F10024764}.Debug|Any CPU.Build.0 = Debug|iPhoneSimulator
		{FBC76EB8-D41F-4180-915F-D31F10024764}.Debug|Any CPU.Deploy.0 = Debug|iPhoneSimulator
		{FBC76EB8-D41F-4180-915F-D31F10024764}.Debug|iPhone.ActiveCfg = Debug|iPhone
		{FBC76EB8-D41F-4180-915F-D31F10024764}.Debug|iPhone.Build.0 = Debug|iPhone
		{FBC76EB8-D41F-4180-915F-D31F10024764}.Debug|iPhone.Deploy.0 = Debug|iPhone
		{FBC76EB8-D41F-4180-915F-D31F10024764}.Debug|iPhoneSimulator.ActiveCfg = Debug|iPhoneSimulator
		{FBC76EB8-D41F-4180-915F-D31F10024764}.Debug|iPhoneSimulator.Build.0 = Debug|iPhoneSimulator
		{FBC76EB8-D41F-4180-915F-D31F10024764}.Debug|iPhoneSimulator.Deploy.0 = Debug|iPhoneSimulator
		{FBC76EB8-D41F-4180-915F-D31F10024764}.Release|Any CPU.ActiveCfg = Release|iPhoneSimulator
		{FBC76EB8-D41F-4180-915F-D31F10024764}.Release|Any CPU.Build.0 = Release|iPhoneSimulator
		{FBC76EB8-D41F-4180-915F-D31F10024764}.Release|Any CPU.Deploy.0 = Release|iPhoneSimulator
		{FBC76EB8-D41F-4180-915F-D31F10024764}.Release|iPhone.ActiveCfg = Release|iPhone
		{FBC76EB8-D41F-4180-915F-D31F10024764}.Release|iPhone.Build.0 = Release|iPhone
		{FBC76EB8-D41F-4180-915F-D31F10024764}.Release|iPhone.Deploy.0 = Release|iPhone
		{FBC76EB8-D41F-4180-915F-D31F10024764}.Release|iPhoneSimulator.ActiveCfg = Release|iPhoneSimulator
		{FBC76EB8-D41F-4180-915F-D31F10024764}.Release|iPhoneSimulator.Build.0 = Release|iPhoneSimulator
		{FBC76EB8-D41F-4180-915F-D31F10024764}.Release|iPhoneSimulator.Deploy.0 = Release|iPhoneSimulator
		{185C15F1-2A71-482D-956C-556F989137A5}.Debug|Any CPU.ActiveCfg = Debug|Any CPU
		{185C15F1-2A71-482D-956C-556F989137A5}.Debug|Any CPU.Build.0 = Debug|Any CPU
		{185C15F1-2A71-482D-956C-556F989137A5}.Debug|Any CPU.Deploy.0 = Debug|Any CPU
		{185C15F1-2A71-482D-956C-556F989137A5}.Debug|iPhone.ActiveCfg = Debug|Any CPU
		{185C15F1-2A71-482D-956C-556F989137A5}.Debug|iPhone.Build.0 = Debug|Any CPU
		{185C15F1-2A71-482D-956C-556F989137A5}.Debug|iPhone.Deploy.0 = Debug|Any CPU
		{185C15F1-2A71-482D-956C-556F989137A5}.Debug|iPhoneSimulator.ActiveCfg = Debug|Any CPU
		{185C15F1-2A71-482D-956C-556F989137A5}.Debug|iPhoneSimulator.Build.0 = Debug|Any CPU
		{185C15F1-2A71-482D-956C-556F989137A5}.Debug|iPhoneSimulator.Deploy.0 = Debug|Any CPU
		{185C15F1-2A71-482D-956C-556F989137A5}.Release|Any CPU.ActiveCfg = Release|Any CPU
		{185C15F1-2A71-482D-956C-556F989137A5}.Release|Any CPU.Build.0 = Release|Any CPU
		{185C15F1-2A71-482D-956C-556F989137A5}.Release|Any CPU.Deploy.0 = Release|Any CPU
		{185C15F1-2A71-482D-956C-556F989137A5}.Release|iPhone.ActiveCfg = Release|Any CPU
		{185C15F1-2A71-482D-956C-556F989137A5}.Release|iPhone.Build.0 = Release|Any CPU
		{185C15F1-2A71-482D-956C-556F989137A5}.Release|iPhone.Deploy.0 = Release|Any CPU
		{185C15F1-2A71-482D-956C-556F989137A5}.Release|iPhoneSimulator.ActiveCfg = Release|Any CPU
		{185C15F1-2A71-482D-956C-556F989137A5}.Release|iPhoneSimulator.Build.0 = Release|Any CPU
		{185C15F1-2A71-482D-956C-556F989137A5}.Release|iPhoneSimulator.Deploy.0 = Release|Any CPU
	EndGlobalSection
	GlobalSection(SolutionProperties) = preSolution
		HideSolutionNode = FALSE
	EndGlobalSection
	GlobalSection(ExtensibilityGlobals) = postSolution
		SolutionGuid = {F4D5CE90-DC18-4A40-ADF6-2AB3AA43C751}
	EndGlobalSection
EndGlobal
